
Microsoft Visual Studio Solution File, Format Version 12.00
# Visual Studio Version 16
VisualStudioVersion = 16.0.33423.256
MinimumVisualStudioVersion = 10.0.40219.1
Project("{8BC9CEB8-8B4A-11D0-8D11-00A0C91BC942}") = "2023.4.16,1", "2023.4.16,1\2023.4.16,1.vcxproj", "{A56B6029-7607-4151-9586-E1065F98605F}"
EndProject
Global
	GlobalSection(SolutionConfigurationPlatforms) = preSolution
		Debug|x64 = Debug|x64
		Debug|x86 = Debug|x86
		Release|x64 = Release|x64
		Release|x86 = Release|x86
	EndGlobalSection
	GlobalSection(ProjectConfigurationPlatforms) = postSolution
		{A56B6029-7607-4151-9586-E1065F98605F}.Debug|x64.ActiveCfg = Debug|x64
		{A56B6029-7607-4151-9586-E1065F98605F}.Debug|x64.Build.0 = Debug|x64
		{A56B6029-7607-4151-9586-E1065F98605F}.Debug|x86.ActiveCfg = Debug|Win32
		{A56B6029-7607-4151-9586-E1065F98605F}.Debug|x86.Build.0 = Debug|Win32
		{A56B6029-7607-4151-9586-E1065F98605F}.Release|x64.ActiveCfg = Release|x64
		{A56B6029-7607-4151-9586-E1065F98605F}.Release|x64.Build.0 = Release|x64
		{A56B6029-7607-4151-9586-E1065F98605F}.Release|x86.ActiveCfg = Release|Win32
		{A56B6029-7607-4151-9586-E1065F98605F}.Release|x86.Build.0 = Release|Win32
	EndGlobalSection
	GlobalSection(SolutionProperties) = preSolution
		HideSolutionNode = FALSE
	EndGlobalSection
	GlobalSection(ExtensibilityGlobals) = postSolution
		SolutionGuid = {AC820953-D08E-4DE7-97A3-517E7F0830BB}
	EndGlobalSection
EndGlobal
